
Microsoft Visual Studio Solution File, Format Version 12.00
# Visual Studio Version 16
VisualStudioVersion = 16.0.30114.105
MinimumVisualStudioVersion = 10.0.40219.1
Project("{FAE04EC0-301F-11D3-BF4B-00C04F79EFBC}") = "WebDeployment", "WebDeployment.csproj", "{98B19B18-B5D7-4EFF-A24F-EF37BD9EB0A1}"
EndProject
Global
	GlobalSection(SolutionConfigurationPlatforms) = preSolution
		Debug|Any CPU = Debug|Any CPU
		Release|Any CPU = Release|Any CPU
	EndGlobalSection
	GlobalSection(ProjectConfigurationPlatforms) = postSolution
		{98B19B18-B5D7-4EFF-A24F-EF37BD9EB0A1}.Debug|Any CPU.ActiveCfg = Debug|Any CPU
		{98B19B18-B5D7-4EFF-A24F-EF37BD9EB0A1}.Debug|Any CPU.Build.0 = Debug|Any CPU
		{98B19B18-B5D7-4EFF-A24F-EF37BD9EB0A1}.Release|Any CPU.ActiveCfg = Release|Any CPU
		{98B19B18-B5D7-4EFF-A24F-EF37BD9EB0A1}.Release|Any CPU.Build.0 = Release|Any CPU
	EndGlobalSection
	GlobalSection(SolutionProperties) = preSolution
		HideSolutionNode = FALSE
	EndGlobalSection
	GlobalSection(ExtensibilityGlobals) = postSolution
		SolutionGuid = {676F3622-CF31-4CCB-8308-6974B8E941DC}
	EndGlobalSection
EndGlobal
